{
  "name": "it461",
  "version": "1.0.0",
  "lockfileVersion": 3,
  "requires": true,
  "packages": {
    "": {
      "name": "it461",
      "version": "1.0.0",
      "license": "ISC",
      "dependencies": {
        "@prisma/client": "5.5.2",
        "@types/node": "^20.8.10",
        "@types/shelljs": "^0.8.14",
        "d3": "^7.8.5",
        "prisma": "^5.5.2",
        "shelljs": "^0.8.5",
        "ts-node": "^10.9.1",
        "typescript": "^5.2.2"
      },
      "devDependencies": {
        "@faker-js/faker": "^8.2.0",
        "@types/d3": "^7.4.2"
      }
    },
    "node_modules/@cspotcode/source-map-support": {
      "version": "0.8.1",
      "license": "MIT",
      "dependencies": {
        "@jridgewell/trace-mapping": "0.3.9"
      },
      "engines": {
        "node": ">=12"
      }
    },
    "node_modules/@faker-js/faker": {
      "version": "8.2.0",
      "dev": true,
      "funding": [
        {
          "type": "opencollective",
          "url": "https://opencollective.com/fakerjs"
        }
      ],
      "license": "MIT",
      "engines": {
        "node": "^14.17.0 || ^16.13.0 || >=18.0.0",
        "npm": ">=6.14.13"
      }
    },
    "node_modules/@jridgewell/resolve-uri": {
      "version": "3.1.1",
      "license": "MIT",
      "engines": {
        "node": ">=6.0.0"
      }
    },
    "node_modules/@jridgewell/sourcemap-codec": {
      "version": "1.4.15",
      "license": "MIT"
    },
    "node_modules/@jridgewell/trace-mapping": {
      "version": "0.3.9",
      "license": "MIT",
      "dependencies": {
        "@jridgewell/resolve-uri": "^3.0.3",
        "@jridgewell/sourcemap-codec": "^1.4.10"
      }
    },
    "node_modules/@prisma/client": {
      "version": "5.5.2",
      "hasInstallScript": true,
      "license": "Apache-2.0",
      "dependencies": {
        "@prisma/engines-version": "5.5.1-1.aebc046ce8b88ebbcb45efe31cbe7d06fd6abc0a"
      },
      "engines": {
        "node": ">=16.13"
      },
      "peerDependencies": {
        "prisma": "*"
      },
      "peerDependenciesMeta": {
        "prisma": {
          "optional": true
        }
      }
    },
    "node_modules/@prisma/engines": {
      "version": "5.5.2",
      "hasInstallScript": true,
      "license": "Apache-2.0"
    },
    "node_modules/@prisma/engines-version": {
      "version": "5.5.1-1.aebc046ce8b88ebbcb45efe31cbe7d06fd6abc0a",
      "license": "Apache-2.0"
    },
    "node_modules/@tsconfig/node10": {
      "version": "1.0.9",
      "license": "MIT"
    },
    "node_modules/@tsconfig/node12": {
      "version": "1.0.11",
      "license": "MIT"
    },
    "node_modules/@tsconfig/node14": {
      "version": "1.0.3",
      "license": "MIT"
    },
    "node_modules/@tsconfig/node16": {
      "version": "1.0.4",
      "license": "MIT"
    },
    "node_modules/@types/d3": {
      "version": "7.4.2",
      "resolved": "https://registry.npmjs.org/@types/d3/-/d3-7.4.2.tgz",
      "integrity": "sha512-Y4g2Yb30ZJmmtqAJTqMRaqXwRawfvpdpVmyEYEcyGNhrQI/Zvkq3k7yE1tdN07aFSmNBfvmegMQ9Fe2qy9ZMhw==",
      "dev": true,
      "dependencies": {
        "@types/d3-array": "*",
        "@types/d3-axis": "*",
        "@types/d3-brush": "*",
        "@types/d3-chord": "*",
        "@types/d3-color": "*",
        "@types/d3-contour": "*",
        "@types/d3-delaunay": "*",
        "@types/d3-dispatch": "*",
        "@types/d3-drag": "*",
        "@types/d3-dsv": "*",
        "@types/d3-ease": "*",
        "@types/d3-fetch": "*",
        "@types/d3-force": "*",
        "@types/d3-format": "*",
        "@types/d3-geo": "*",
        "@types/d3-hierarchy": "*",
        "@types/d3-interpolate": "*",
        "@types/d3-path": "*",
        "@types/d3-polygon": "*",
        "@types/d3-quadtree": "*",
        "@types/d3-random": "*",
        "@types/d3-scale": "*",
        "@types/d3-scale-chromatic": "*",
        "@types/d3-selection": "*",
        "@types/d3-shape": "*",
        "@types/d3-time": "*",
        "@types/d3-time-format": "*",
        "@types/d3-timer": "*",
        "@types/d3-transition": "*",
        "@types/d3-zoom": "*"
      }
    },
    "node_modules/@types/d3-array": {
      "version": "3.2.0",
      "resolved": "https://registry.npmjs.org/@types/d3-array/-/d3-array-3.2.0.tgz",
      "integrity": "sha512-tjU8juPSfhMnu6mJZPOCVVGba4rZoE0tjHDPb81PYwA8CzbaFscGjgkUM7juUJu6iWA1cCVWNEVwxZ5HN9Jj8Q==",
      "dev": true
    },
    "node_modules/@types/d3-axis": {
      "version": "3.0.5",
      "resolved": "https://registry.npmjs.org/@types/d3-axis/-/d3-axis-3.0.5.tgz",
      "integrity": "sha512-ufDAV3SQzju+uB3Jlty7SUb/jMigjpIlvDDcSGvGmmO6OT/sNO93UE0dRzwWOZeBLzrLSA0CQM4bf3iq1std3A==",
      "dev": true,
      "dependencies": {
        "@types/d3-selection": "*"
      }
    },
    "node_modules/@types/d3-brush": {
      "version": "3.0.5",
      "resolved": "https://registry.npmjs.org/@types/d3-brush/-/d3-brush-3.0.5.tgz",
      "integrity": "sha512-JROQXZNq1X6QdWstESDUv1VilwZ2hBCQnWB91yal+5yZvYwGQvYsGCjrkHGfKK/8/AcX1JnERmpQzdDDuLRUsA==",
      "dev": true,
      "dependencies": {
        "@types/d3-selection": "*"
      }
    },
    "node_modules/@types/d3-chord": {
      "version": "3.0.5",
      "resolved": "https://registry.npmjs.org/@types/d3-chord/-/d3-chord-3.0.5.tgz",
      "integrity": "sha512-rs26AIhJjtc+XLR4YQU8IjPTLOlDVO4PR1y+pVFYEHzKh2tE5tYz3MF4QV6iz7HboXQEaYpJQt8dH9uUkne8yA==",
      "dev": true
    },
    "node_modules/@types/d3-color": {
      "version": "3.1.2",
      "resolved": "https://registry.npmjs.org/@types/d3-color/-/d3-color-3.1.2.tgz",
      "integrity": "sha512-At+Ski7dL8Bs58E8g8vPcFJc8tGcaC12Z4m07+p41+DRqnZQcAlp3NfYjLrhNYv+zEyQitU1CUxXNjqUyf+c0g==",
      "dev": true
    },
    "node_modules/@types/d3-contour": {
      "version": "3.0.5",
      "resolved": "https://registry.npmjs.org/@types/d3-contour/-/d3-contour-3.0.5.tgz",
      "integrity": "sha512-wLvjwdOQVd1NL1IcW90CCt1VtpeZ3V20p/OTXlkT8uAiprrJnq2PNNnRNe1QCez4U9aMU29Z14zpJQVLW1+Lcg==",
      "dev": true,
      "dependencies": {
        "@types/d3-array": "*",
        "@types/geojson": "*"
      }
    },
    "node_modules/@types/d3-delaunay": {
      "version": "6.0.3",
      "resolved": "https://registry.npmjs.org/@types/d3-delaunay/-/d3-delaunay-6.0.3.tgz",
      "integrity": "sha512-+Lf5NPKZ4JBC9tbudVkKceQXRxU3jJs0el9aKQvinMtdnFSOG84eVXyhCNgIFuXNQO3iIcYs7sgzN359FEOZnQ==",
      "dev": true
    },
    "node_modules/@types/d3-dispatch": {
      "version": "3.0.5",
      "resolved": "https://registry.npmjs.org/@types/d3-dispatch/-/d3-dispatch-3.0.5.tgz",
      "integrity": "sha512-hxvq2kc+9hydVppo21JCGfcM0tLTh1DXnG3MLN0KlxsNZJH4bsdl1iXDuWtXFpWWlBrCMwSqlnoLPDxNAZU3Bg==",
      "dev": true
    },
    "node_modules/@types/d3-drag": {
      "version": "3.0.5",
      "resolved": "https://registry.npmjs.org/@types/d3-drag/-/d3-drag-3.0.5.tgz",
      "integrity": "sha512-arHyAGvO0NEGGPCU2jTb31TlXeSxwty1bIxr5wOFOCVqVjgriXloLWXoRp39Oa0Y/qXxcAVMIonAWLrtLxUZAQ==",
      "dev": true,
      "dependencies": {
        "@types/d3-selection": "*"
      }
    },
    "node_modules/@types/d3-dsv": {
      "version": "3.0.5",
      "resolved": "https://registry.npmjs.org/@types/d3-dsv/-/d3-dsv-3.0.5.tgz",
      "integrity": "sha512-73WZR3QFOaSRVz9iOrebTbTnbo7xjcgS/i0Cq5zy0jMXPO3v/JbkTD3Zqii1eYE6v4EJ78g5VP407rm+p8fdlA==",
      "dev": true
    },
    "node_modules/@types/d3-ease": {
      "version": "3.0.1",
      "resolved": "https://registry.npmjs.org/@types/d3-ease/-/d3-ease-3.0.1.tgz",
      "integrity": "sha512-VZofjpEt8HWv3nxUAosj5o/+4JflnJ7Bbv07k17VO3T2WRuzGdZeookfaF60iVh5RdhVG49LE5w6LIshVUC6rg==",
      "dev": true
    },
    "node_modules/@types/d3-fetch": {
      "version": "3.0.5",
      "resolved": "https://registry.npmjs.org/@types/d3-fetch/-/d3-fetch-3.0.5.tgz",
      "integrity": "sha512-Rc8pb6H0RRLpAV2hEXduykUgcDUOhjSLTLmCIeo6ejzgs4SaITh/EteMb3p5Env3Hqjsqw0fCksyqopHHzMkMg==",
      "dev": true,
      "dependencies": {
        "@types/d3-dsv": "*"
      }
    },
    "node_modules/@types/d3-force": {
      "version": "3.0.7",
      "resolved": "https://registry.npmjs.org/@types/d3-force/-/d3-force-3.0.7.tgz",
      "integrity": "sha512-rsok4CEvPLyVWRPsFiBhanJc3up03H/EARVz4d8soPh8drv82YMuAckYy4yv8g4/81JwCng5U5/o9aj9d0T6bQ==",
      "dev": true
    },
    "node_modules/@types/d3-format": {
      "version": "3.0.3",
      "resolved": "https://registry.npmjs.org/@types/d3-format/-/d3-format-3.0.3.tgz",
      "integrity": "sha512-kxuLXSAEJykTeL/EI3tUiEfGqru7PRdqEy099YBnqFl+fF167UVSB4+wntlZv86ZdoYf0DHjsRHnTIm8kcH7qw==",
      "dev": true
    },
    "node_modules/@types/d3-geo": {
      "version": "3.0.6",
      "resolved": "https://registry.npmjs.org/@types/d3-geo/-/d3-geo-3.0.6.tgz",
      "integrity": "sha512-wblAES3b+C3hvp4VakwECEKtHquT/xc6K4HOna95LM1j1fd7s7WmU4V+JMQZfKhNCMkV2vWD+ZUgY2Uj6gqfuA==",
      "dev": true,
      "dependencies": {
        "@types/geojson": "*"
      }
    },
    "node_modules/@types/d3-hierarchy": {
      "version": "3.1.5",
      "resolved": "https://registry.npmjs.org/@types/d3-hierarchy/-/d3-hierarchy-3.1.5.tgz",
      "integrity": "sha512-DEcBUj1IL3WyPLDlh4m2nsNXnMLITXM5Vwcu4G85yJHtf2cVGPBjgky3L11WBnT+ayHKf06Tchk5mY1eGmd4WQ==",
      "dev": true
    },
    "node_modules/@types/d3-interpolate": {
      "version": "3.0.3",
      "resolved": "https://registry.npmjs.org/@types/d3-interpolate/-/d3-interpolate-3.0.3.tgz",
      "integrity": "sha512-6OZ2EIB4lLj+8cUY7I/Cgn9Q+hLdA4DjJHYOQDiHL0SzqS1K9DL5xIOVBSIHgF+tiuO9MU1D36qvdIvRDRPh+Q==",
      "dev": true,
      "dependencies": {
        "@types/d3-color": "*"
      }
    },
    "node_modules/@types/d3-path": {
      "version": "3.0.1",
      "resolved": "https://registry.npmjs.org/@types/d3-path/-/d3-path-3.0.1.tgz",
      "integrity": "sha512-blRhp7ki7pVznM8k6lk5iUU9paDbVRVq+/xpf0RRgSJn5gr6SE7RcFtxooYGMBOc1RZiGyqRpVdu5AD0z0ooMA==",
      "dev": true
    },
    "node_modules/@types/d3-polygon": {
      "version": "3.0.1",
      "resolved": "https://registry.npmjs.org/@types/d3-polygon/-/d3-polygon-3.0.1.tgz",
      "integrity": "sha512-nrcWPk7B9qs6xnpq60Cls44zm9eDmFAv65qi/N/emh/oftnG6uYz49aIS0mdFaGeJxVN8H3pHneMuZMV8EwFdw==",
      "dev": true
    },
    "node_modules/@types/d3-quadtree": {
      "version": "3.0.4",
      "resolved": "https://registry.npmjs.org/@types/d3-quadtree/-/d3-quadtree-3.0.4.tgz",
      "integrity": "sha512-B725MopFDIOQ6njFbeOxIEf42HVO2Xv+FmcxQISdOKErvLbFqWz3Riu+OWujUYoogreqqyHBHcGGL/JzzXQYsw==",
      "dev": true
    },
    "node_modules/@types/d3-random": {
      "version": "3.0.2",
      "resolved": "https://registry.npmjs.org/@types/d3-random/-/d3-random-3.0.2.tgz",
      "integrity": "sha512-8QhsqkKs6mymAZMrg3ZFXPxKA34rdgp3ZrtB8o6mhFsKAd1gOvR1gocWnca+kmXypQdwgnzKm9gZE2Uw8NjjKw==",
      "dev": true
    },
    "node_modules/@types/d3-scale": {
      "version": "4.0.6",
      "resolved": "https://registry.npmjs.org/@types/d3-scale/-/d3-scale-4.0.6.tgz",
      "integrity": "sha512-lo3oMLSiqsQUovv8j15X4BNEDOsnHuGjeVg7GRbAuB2PUa1prK5BNSOu6xixgNf3nqxPl4I1BqJWrPvFGlQoGQ==",
      "dev": true,
      "dependencies": {
        "@types/d3-time": "*"
      }
    },
    "node_modules/@types/d3-scale-chromatic": {
      "version": "3.0.1",
      "resolved": "https://registry.npmjs.org/@types/d3-scale-chromatic/-/d3-scale-chromatic-3.0.1.tgz",
      "integrity": "sha512-Ob7OrwiTeQXY/WBBbRHGZBOn6rH1h7y3jjpTSKYqDEeqFjktql6k2XSgNwLrLDmAsXhEn8P9NHDY4VTuo0ZY1w==",
      "dev": true
    },
    "node_modules/@types/d3-selection": {
      "version": "3.0.8",
      "resolved": "https://registry.npmjs.org/@types/d3-selection/-/d3-selection-3.0.8.tgz",
      "integrity": "sha512-pxCZUfQyedq/DIlPXIR5wE1mIH37omOdx1yxRudL3KZ4AC+156jMjOv1z5RVlGq62f8WX2kyO0hTVgEx627QFg==",
      "dev": true
    },
    "node_modules/@types/d3-shape": {
      "version": "3.1.4",
      "resolved": "https://registry.npmjs.org/@types/d3-shape/-/d3-shape-3.1.4.tgz",
      "integrity": "sha512-M2/xsWPsjaZc5ifMKp1EBp0gqJG0eO/zlldJNOC85Y/5DGsBQ49gDkRJ2h5GY7ZVD6KUumvZWsylSbvTaJTqKg==",
      "dev": true,
      "dependencies": {
        "@types/d3-path": "*"
      }
    },
    "node_modules/@types/d3-time": {
      "version": "3.0.2",
      "resolved": "https://registry.npmjs.org/@types/d3-time/-/d3-time-3.0.2.tgz",
      "integrity": "sha512-kbdRXTmUgNfw5OTE3KZnFQn6XdIc4QGroN5UixgdrXATmYsdlPQS6pEut9tVlIojtzuFD4txs/L+Rq41AHtLpg==",
      "dev": true
    },
    "node_modules/@types/d3-time-format": {
      "version": "4.0.2",
      "resolved": "https://registry.npmjs.org/@types/d3-time-format/-/d3-time-format-4.0.2.tgz",
      "integrity": "sha512-wr08C1Gh77qaN8JIkrn5Rz/bdt5M9bdEqFmEOcYhUSq2t2sHvLTBfb4XAtGB3D4hm0ubj50NXWWXoXyp5tPXDg==",
      "dev": true
    },
    "node_modules/@types/d3-timer": {
      "version": "3.0.1",
      "resolved": "https://registry.npmjs.org/@types/d3-timer/-/d3-timer-3.0.1.tgz",
      "integrity": "sha512-GGTvzKccVEhxmRfJEB6zhY9ieT4UhGVUIQaBzFpUO9OXy2ycAlnPCSJLzmGGgqt3KVjqN3QCQB4g1rsZnHsWhg==",
      "dev": true
    },
    "node_modules/@types/d3-transition": {
      "version": "3.0.6",
      "resolved": "https://registry.npmjs.org/@types/d3-transition/-/d3-transition-3.0.6.tgz",
      "integrity": "sha512-K0To23B5UxNwFtKORnS5JoNYvw/DnknU5MzhHIS9czJ/lTqFFDeU6w9lArOdoTl0cZFNdNrMJSFCbRCEHccH2w==",
      "dev": true,
      "dependencies": {
        "@types/d3-selection": "*"
      }
    },
    "node_modules/@types/d3-zoom": {
      "version": "3.0.6",
      "resolved": "https://registry.npmjs.org/@types/d3-zoom/-/d3-zoom-3.0.6.tgz",
      "integrity": "sha512-dGZQaXEu7aNcCL71LPpjB58IjoQNM9oDPfQuMUJ7N/fbkcIWGX2PnmUWO1jPJ+RLbZBpRUggJUX8twKRvo2hKQ==",
      "dev": true,
      "dependencies": {
        "@types/d3-interpolate": "*",
        "@types/d3-selection": "*"
      }
    },
    "node_modules/@types/geojson": {
      "version": "7946.0.12",
      "resolved": "https://registry.npmjs.org/@types/geojson/-/geojson-7946.0.12.tgz",
      "integrity": "sha512-uK2z1ZHJyC0nQRbuovXFt4mzXDwf27vQeUWNhfKGwRcWW429GOhP8HxUHlM6TLH4bzmlv/HlEjpvJh3JfmGsAA==",
      "dev": true
    },
    "node_modules/@types/glob": {
      "version": "7.2.0",
      "license": "MIT",
      "dependencies": {
        "@types/minimatch": "*",
        "@types/node": "*"
      }
    },
    "node_modules/@types/minimatch": {
      "version": "5.1.2",
      "license": "MIT"
    },
    "node_modules/@types/node": {
      "version": "20.8.10",
      "license": "MIT",
      "dependencies": {
        "undici-types": "~5.26.4"
      }
    },
    "node_modules/@types/shelljs": {
      "version": "0.8.14",
      "license": "MIT",
      "dependencies": {
        "@types/glob": "~7.2.0",
        "@types/node": "*"
      }
    },
    "node_modules/acorn": {
      "version": "8.11.2",
      "license": "MIT",
      "bin": {
        "acorn": "bin/acorn"
      },
      "engines": {
        "node": ">=0.4.0"
      }
    },
    "node_modules/acorn-walk": {
      "version": "8.3.0",
      "license": "MIT",
      "engines": {
        "node": ">=0.4.0"
      }
    },
    "node_modules/arg": {
      "version": "4.1.3",
      "license": "MIT"
    },
    "node_modules/balanced-match": {
      "version": "1.0.2",
      "license": "MIT"
    },
    "node_modules/brace-expansion": {
      "version": "1.1.11",
      "license": "MIT",
      "dependencies": {
        "balanced-match": "^1.0.0",
        "concat-map": "0.0.1"
      }
    },
    "node_modules/commander": {
      "version": "7.2.0",
      "license": "MIT",
      "engines": {
        "node": ">= 10"
      }
    },
    "node_modules/concat-map": {
      "version": "0.0.1",
      "license": "MIT"
    },
    "node_modules/create-require": {
      "version": "1.1.1",
      "license": "MIT"
    },
    "node_modules/d3": {
      "version": "7.8.5",
      "license": "ISC",
      "dependencies": {
        "d3-array": "3",
        "d3-axis": "3",
        "d3-brush": "3",
        "d3-chord": "3",
        "d3-color": "3",
        "d3-contour": "4",
        "d3-delaunay": "6",
        "d3-dispatch": "3",
        "d3-drag": "3",
        "d3-dsv": "3",
        "d3-ease": "3",
        "d3-fetch": "3",
        "d3-force": "3",
        "d3-format": "3",
        "d3-geo": "3",
        "d3-hierarchy": "3",
        "d3-interpolate": "3",
        "d3-path": "3",
        "d3-polygon": "3",
        "d3-quadtree": "3",
        "d3-random": "3",
        "d3-scale": "4",
        "d3-scale-chromatic": "3",
        "d3-selection": "3",
        "d3-shape": "3",
        "d3-time": "3",
        "d3-time-format": "4",
        "d3-timer": "3",
        "d3-transition": "3",
        "d3-zoom": "3"
      },
      "engines": {
        "node": ">=12"
      }
    },
    "node_modules/d3-array": {
      "version": "3.2.4",
      "license": "ISC",
      "dependencies": {
        "internmap": "1 - 2"
      },
      "engines": {
        "node": ">=12"
      }
    },
    "node_modules/d3-axis": {
      "version": "3.0.0",
      "license": "ISC",
      "engines": {
        "node": ">=12"
      }
    },
    "node_modules/d3-brush": {
      "version": "3.0.0",
      "license": "ISC",
      "dependencies": {
        "d3-dispatch": "1 - 3",
        "d3-drag": "2 - 3",
        "d3-interpolate": "1 - 3",
        "d3-selection": "3",
        "d3-transition": "3"
      },
      "engines": {
        "node": ">=12"
      }
    },
    "node_modules/d3-chord": {
      "version": "3.0.1",
      "license": "ISC",
      "dependencies": {
        "d3-path": "1 - 3"
      },
      "engines": {
        "node": ">=12"
      }
    },
    "node_modules/d3-color": {
      "version": "3.1.0",
      "license": "ISC",
      "engines": {
        "node": ">=12"
      }
    },
    "node_modules/d3-contour": {
      "version": "4.0.2",
      "license": "ISC",
      "dependencies": {
        "d3-array": "^3.2.0"
      },
      "engines": {
        "node": ">=12"
      }
    },
    "node_modules/d3-delaunay": {
      "version": "6.0.4",
      "license": "ISC",
      "dependencies": {
        "delaunator": "5"
      },
      "engines": {
        "node": ">=12"
      }
    },
    "node_modules/d3-dispatch": {
      "version": "3.0.1",
      "license": "ISC",
      "engines": {
        "node": ">=12"
      }
    },
    "node_modules/d3-drag": {
      "version": "3.0.0",
      "license": "ISC",
      "dependencies": {
        "d3-dispatch": "1 - 3",
        "d3-selection": "3"
      },
      "engines": {
        "node": ">=12"
      }
    },
    "node_modules/d3-dsv": {
      "version": "3.0.1",
      "license": "ISC",
      "dependencies": {
        "commander": "7",
        "iconv-lite": "0.6",
        "rw": "1"
      },
      "bin": {
        "csv2json": "bin/dsv2json.js",
        "csv2tsv": "bin/dsv2dsv.js",
        "dsv2dsv": "bin/dsv2dsv.js",
        "dsv2json": "bin/dsv2json.js",
        "json2csv": "bin/json2dsv.js",
        "json2dsv": "bin/json2dsv.js",
        "json2tsv": "bin/json2dsv.js",
        "tsv2csv": "bin/dsv2dsv.js",
        "tsv2json": "bin/dsv2json.js"
      },
      "engines": {
        "node": ">=12"
      }
    },
    "node_modules/d3-ease": {
      "version": "3.0.1",
      "license": "BSD-3-Clause",
      "engines": {
        "node": ">=12"
      }
    },
    "node_modules/d3-fetch": {
      "version": "3.0.1",
      "license": "ISC",
      "dependencies": {
        "d3-dsv": "1 - 3"
      },
      "engines": {
        "node": ">=12"
      }
    },
    "node_modules/d3-force": {
      "version": "3.0.0",
      "license": "ISC",
      "dependencies": {
        "d3-dispatch": "1 - 3",
        "d3-quadtree": "1 - 3",
        "d3-timer": "1 - 3"
      },
      "engines": {
        "node": ">=12"
      }
    },
    "node_modules/d3-format": {
      "version": "3.1.0",
      "license": "ISC",
      "engines": {
        "node": ">=12"
      }
    },
    "node_modules/d3-geo": {
      "version": "3.1.0",
      "license": "ISC",
      "dependencies": {
        "d3-array": "2.5.0 - 3"
      },
      "engines": {
        "node": ">=12"
      }
    },
    "node_modules/d3-hierarchy": {
      "version": "3.1.2",
      "license": "ISC",
      "engines": {
        "node": ">=12"
      }
    },
    "node_modules/d3-interpolate": {
      "version": "3.0.1",
      "license": "ISC",
      "dependencies": {
        "d3-color": "1 - 3"
      },
      "engines": {
        "node": ">=12"
      }
    },
    "node_modules/d3-path": {
      "version": "3.1.0",
      "license": "ISC",
      "engines": {
        "node": ">=12"
      }
    },
    "node_modules/d3-polygon": {
      "version": "3.0.1",
      "license": "ISC",
      "engines": {
        "node": ">=12"
      }
    },
    "node_modules/d3-quadtree": {
      "version": "3.0.1",
      "license": "ISC",
      "engines": {
        "node": ">=12"
      }
    },
    "node_modules/d3-random": {
      "version": "3.0.1",
      "license": "ISC",
      "engines": {
        "node": ">=12"
      }
    },
    "node_modules/d3-scale": {
      "version": "4.0.2",
      "license": "ISC",
      "dependencies": {
        "d3-array": "2.10.0 - 3",
        "d3-format": "1 - 3",
        "d3-interpolate": "1.2.0 - 3",
        "d3-time": "2.1.1 - 3",
        "d3-time-format": "2 - 4"
      },
      "engines": {
        "node": ">=12"
      }
    },
    "node_modules/d3-scale-chromatic": {
      "version": "3.0.0",
      "license": "ISC",
      "dependencies": {
        "d3-color": "1 - 3",
        "d3-interpolate": "1 - 3"
      },
      "engines": {
        "node": ">=12"
      }
    },
    "node_modules/d3-selection": {
      "version": "3.0.0",
      "license": "ISC",
      "engines": {
        "node": ">=12"
      }
    },
    "node_modules/d3-shape": {
      "version": "3.2.0",
      "license": "ISC",
      "dependencies": {
        "d3-path": "^3.1.0"
      },
      "engines": {
        "node": ">=12"
      }
    },
    "node_modules/d3-time": {
      "version": "3.1.0",
      "license": "ISC",
      "dependencies": {
        "d3-array": "2 - 3"
      },
      "engines": {
        "node": ">=12"
      }
    },
    "node_modules/d3-time-format": {
      "version": "4.1.0",
      "license": "ISC",
      "dependencies": {
        "d3-time": "1 - 3"
      },
      "engines": {
        "node": ">=12"
      }
    },
    "node_modules/d3-timer": {
      "version": "3.0.1",
      "license": "ISC",
      "engines": {
        "node": ">=12"
      }
    },
    "node_modules/d3-transition": {
      "version": "3.0.1",
      "license": "ISC",
      "dependencies": {
        "d3-color": "1 - 3",
        "d3-dispatch": "1 - 3",
        "d3-ease": "1 - 3",
        "d3-interpolate": "1 - 3",
        "d3-timer": "1 - 3"
      },
      "engines": {
        "node": ">=12"
      },
      "peerDependencies": {
        "d3-selection": "2 - 3"
      }
    },
    "node_modules/d3-zoom": {
      "version": "3.0.0",
      "license": "ISC",
      "dependencies": {
        "d3-dispatch": "1 - 3",
        "d3-drag": "2 - 3",
        "d3-interpolate": "1 - 3",
        "d3-selection": "2 - 3",
        "d3-transition": "2 - 3"
      },
      "engines": {
        "node": ">=12"
      }
    },
    "node_modules/delaunator": {
      "version": "5.0.0",
      "license": "ISC",
      "dependencies": {
        "robust-predicates": "^3.0.0"
      }
    },
    "node_modules/diff": {
      "version": "4.0.2",
      "license": "BSD-3-Clause",
      "engines": {
        "node": ">=0.3.1"
      }
    },
    "node_modules/fs.realpath": {
      "version": "1.0.0",
      "license": "ISC"
    },
    "node_modules/function-bind": {
      "version": "1.1.2",
      "license": "MIT",
      "funding": {
        "url": "https://github.com/sponsors/ljharb"
      }
    },
    "node_modules/glob": {
      "version": "7.2.3",
      "license": "ISC",
      "dependencies": {
        "fs.realpath": "^1.0.0",
        "inflight": "^1.0.4",
        "inherits": "2",
        "minimatch": "^3.1.1",
        "once": "^1.3.0",
        "path-is-absolute": "^1.0.0"
      },
      "engines": {
        "node": "*"
      },
      "funding": {
        "url": "https://github.com/sponsors/isaacs"
      }
    },
    "node_modules/hasown": {
      "version": "2.0.0",
      "license": "MIT",
      "dependencies": {
        "function-bind": "^1.1.2"
      },
      "engines": {
        "node": ">= 0.4"
      }
    },
    "node_modules/iconv-lite": {
      "version": "0.6.3",
      "license": "MIT",
      "dependencies": {
        "safer-buffer": ">= 2.1.2 < 3.0.0"
      },
      "engines": {
        "node": ">=0.10.0"
      }
    },
    "node_modules/inflight": {
      "version": "1.0.6",
      "license": "ISC",
      "dependencies": {
        "once": "^1.3.0",
        "wrappy": "1"
      }
    },
    "node_modules/inherits": {
      "version": "2.0.4",
      "license": "ISC"
    },
    "node_modules/internmap": {
      "version": "2.0.3",
      "license": "ISC",
      "engines": {
        "node": ">=12"
      }
    },
    "node_modules/interpret": {
      "version": "1.4.0",
      "license": "MIT",
      "engines": {
        "node": ">= 0.10"
      }
    },
    "node_modules/is-core-module": {
      "version": "2.13.1",
      "license": "MIT",
      "dependencies": {
        "hasown": "^2.0.0"
      },
      "funding": {
        "url": "https://github.com/sponsors/ljharb"
      }
    },
    "node_modules/make-error": {
      "version": "1.3.6",
      "license": "ISC"
    },
    "node_modules/minimatch": {
      "version": "3.1.2",
      "license": "ISC",
      "dependencies": {
        "brace-expansion": "^1.1.7"
      },
      "engines": {
        "node": "*"
      }
    },
    "node_modules/once": {
      "version": "1.4.0",
      "license": "ISC",
      "dependencies": {
        "wrappy": "1"
      }
    },
    "node_modules/path-is-absolute": {
      "version": "1.0.1",
      "license": "MIT",
      "engines": {
        "node": ">=0.10.0"
      }
    },
    "node_modules/path-parse": {
      "version": "1.0.7",
      "license": "MIT"
    },
    "node_modules/prisma": {
      "version": "5.5.2",
      "hasInstallScript": true,
      "license": "Apache-2.0",
      "dependencies": {
        "@prisma/engines": "5.5.2"
      },
      "bin": {
        "prisma": "build/index.js"
      },
      "engines": {
        "node": ">=16.13"
      }
    },
    "node_modules/rechoir": {
      "version": "0.6.2",
      "dependencies": {
        "resolve": "^1.1.6"
      },
      "engines": {
        "node": ">= 0.10"
      }
    },
    "node_modules/resolve": {
      "version": "1.22.8",
      "license": "MIT",
      "dependencies": {
        "is-core-module": "^2.13.0",
        "path-parse": "^1.0.7",
        "supports-preserve-symlinks-flag": "^1.0.0"
      },
      "bin": {
        "resolve": "bin/resolve"
      },
      "funding": {
        "url": "https://github.com/sponsors/ljharb"
      }
    },
    "node_modules/robust-predicates": {
      "version": "3.0.2",
      "license": "Unlicense"
    },
    "node_modules/rw": {
      "version": "1.3.3",
      "license": "BSD-3-Clause"
    },
    "node_modules/safer-buffer": {
      "version": "2.1.2",
      "license": "MIT"
    },
    "node_modules/shelljs": {
      "version": "0.8.5",
      "license": "BSD-3-Clause",
      "dependencies": {
        "glob": "^7.0.0",
        "interpret": "^1.0.0",
        "rechoir": "^0.6.2"
      },
      "bin": {
        "shjs": "bin/shjs"
      },
      "engines": {
        "node": ">=4"
      }
    },
    "node_modules/supports-preserve-symlinks-flag": {
      "version": "1.0.0",
      "license": "MIT",
      "engines": {
        "node": ">= 0.4"
      },
      "funding": {
        "url": "https://github.com/sponsors/ljharb"
      }
    },
    "node_modules/ts-node": {
      "version": "10.9.1",
      "license": "MIT",
      "dependencies": {
        "@cspotcode/source-map-support": "^0.8.0",
        "@tsconfig/node10": "^1.0.7",
        "@tsconfig/node12": "^1.0.7",
        "@tsconfig/node14": "^1.0.0",
        "@tsconfig/node16": "^1.0.2",
        "acorn": "^8.4.1",
        "acorn-walk": "^8.1.1",
        "arg": "^4.1.0",
        "create-require": "^1.1.0",
        "diff": "^4.0.1",
        "make-error": "^1.1.1",
        "v8-compile-cache-lib": "^3.0.1",
        "yn": "3.1.1"
      },
      "bin": {
        "ts-node": "dist/bin.js",
        "ts-node-cwd": "dist/bin-cwd.js",
        "ts-node-esm": "dist/bin-esm.js",
        "ts-node-script": "dist/bin-script.js",
        "ts-node-transpile-only": "dist/bin-transpile.js",
        "ts-script": "dist/bin-script-deprecated.js"
      },
      "peerDependencies": {
        "@swc/core": ">=1.2.50",
        "@swc/wasm": ">=1.2.50",
        "@types/node": "*",
        "typescript": ">=2.7"
      },
      "peerDependenciesMeta": {
        "@swc/core": {
          "optional": true
        },
        "@swc/wasm": {
          "optional": true
        }
      }
    },
    "node_modules/typescript": {
      "version": "5.2.2",
      "license": "Apache-2.0",
      "bin": {
        "tsc": "bin/tsc",
        "tsserver": "bin/tsserver"
      },
      "engines": {
        "node": ">=14.17"
      }
    },
    "node_modules/undici-types": {
      "version": "5.26.5",
      "license": "MIT"
    },
    "node_modules/v8-compile-cache-lib": {
      "version": "3.0.1",
      "license": "MIT"
    },
    "node_modules/wrappy": {
      "version": "1.0.2",
      "license": "ISC"
    },
    "node_modules/yn": {
      "version": "3.1.1",
      "license": "MIT",
      "engines": {
        "node": ">=6"
      }
    }
  }
}
